
Microsoft Visual Studio Solution File, Format Version 12.00
# Visual Studio 15
VisualStudioVersion = 15.0.28307.168
MinimumVisualStudioVersion = 10.0.40219.1
Project("{FAE04EC0-301F-11D3-BF4B-00C04F79EFBC}") = "BirthdayCakeCandles", "BirthdayCakeCandles\BirthdayCakeCandles.csproj", "{28B64E38-7DE8-475E-8785-32E51ABC767D}"
EndProject
Global
	GlobalSection(SolutionConfigurationPlatforms) = preSolution
		Debug|Any CPU = Debug|Any CPU
		Release|Any CPU = Release|Any CPU
	EndGlobalSection
	GlobalSection(ProjectConfigurationPlatforms) = postSolution
		{28B64E38-7DE8-475E-8785-32E51ABC767D}.Debug|Any CPU.ActiveCfg = Debug|Any CPU
		{28B64E38-7DE8-475E-8785-32E51ABC767D}.Debug|Any CPU.Build.0 = Debug|Any CPU
		{28B64E38-7DE8-475E-8785-32E51ABC767D}.Release|Any CPU.ActiveCfg = Release|Any CPU
		{28B64E38-7DE8-475E-8785-32E51ABC767D}.Release|Any CPU.Build.0 = Release|Any CPU
	EndGlobalSection
	GlobalSection(SolutionProperties) = preSolution
		HideSolutionNode = FALSE
	EndGlobalSection
	GlobalSection(ExtensibilityGlobals) = postSolution
		SolutionGuid = {D6290A1A-552A-4B8D-9941-AC017E8CAC63}
	EndGlobalSection
EndGlobal
