
Microsoft Visual Studio Solution File, Format Version 12.00
# Visual Studio 15
VisualStudioVersion = 15.0.28307.168
MinimumVisualStudioVersion = 10.0.40219.1
Project("{FAE04EC0-301F-11D3-BF4B-00C04F79EFBC}") = "GradingStudents", "GradingStudents\GradingStudents.csproj", "{C8FB74B6-C845-4D1E-8718-DA30B85BF70D}"
EndProject
Global
	GlobalSection(SolutionConfigurationPlatforms) = preSolution
		Debug|Any CPU = Debug|Any CPU
		Release|Any CPU = Release|Any CPU
	EndGlobalSection
	GlobalSection(ProjectConfigurationPlatforms) = postSolution
		{C8FB74B6-C845-4D1E-8718-DA30B85BF70D}.Debug|Any CPU.ActiveCfg = Debug|Any CPU
		{C8FB74B6-C845-4D1E-8718-DA30B85BF70D}.Debug|Any CPU.Build.0 = Debug|Any CPU
		{C8FB74B6-C845-4D1E-8718-DA30B85BF70D}.Release|Any CPU.ActiveCfg = Release|Any CPU
		{C8FB74B6-C845-4D1E-8718-DA30B85BF70D}.Release|Any CPU.Build.0 = Release|Any CPU
	EndGlobalSection
	GlobalSection(SolutionProperties) = preSolution
		HideSolutionNode = FALSE
	EndGlobalSection
	GlobalSection(ExtensibilityGlobals) = postSolution
		SolutionGuid = {5E0F4803-313F-4FDB-814C-2E8942592C50}
	EndGlobalSection
EndGlobal
