
Microsoft Visual Studio Solution File, Format Version 12.00
# Visual Studio 15
VisualStudioVersion = 15.0.28307.168
MinimumVisualStudioVersion = 10.0.40219.1
Project("{FAE04EC0-301F-11D3-BF4B-00C04F79EFBC}") = "AVeryBigSum", "AVeryBigSum\AVeryBigSum.csproj", "{56145BA5-9320-4BFB-B737-3E8C51AE1F02}"
EndProject
Global
	GlobalSection(SolutionConfigurationPlatforms) = preSolution
		Debug|Any CPU = Debug|Any CPU
		Release|Any CPU = Release|Any CPU
	EndGlobalSection
	GlobalSection(ProjectConfigurationPlatforms) = postSolution
		{56145BA5-9320-4BFB-B737-3E8C51AE1F02}.Debug|Any CPU.ActiveCfg = Debug|Any CPU
		{56145BA5-9320-4BFB-B737-3E8C51AE1F02}.Debug|Any CPU.Build.0 = Debug|Any CPU
		{56145BA5-9320-4BFB-B737-3E8C51AE1F02}.Release|Any CPU.ActiveCfg = Release|Any CPU
		{56145BA5-9320-4BFB-B737-3E8C51AE1F02}.Release|Any CPU.Build.0 = Release|Any CPU
	EndGlobalSection
	GlobalSection(SolutionProperties) = preSolution
		HideSolutionNode = FALSE
	EndGlobalSection
	GlobalSection(ExtensibilityGlobals) = postSolution
		SolutionGuid = {823BCCD3-0765-4404-B5CD-2F10E3C66484}
	EndGlobalSection
EndGlobal
