
Microsoft Visual Studio Solution File, Format Version 12.00
# Visual Studio 15
VisualStudioVersion = 15.0.28307.168
MinimumVisualStudioVersion = 10.0.40219.1
Project("{FAE04EC0-301F-11D3-BF4B-00C04F79EFBC}") = "AppleAndOrange", "AppleAndOrange\AppleAndOrange.csproj", "{762C53F8-A460-44A2-BD07-B36F81D6FDF8}"
EndProject
Global
	GlobalSection(SolutionConfigurationPlatforms) = preSolution
		Debug|Any CPU = Debug|Any CPU
		Release|Any CPU = Release|Any CPU
	EndGlobalSection
	GlobalSection(ProjectConfigurationPlatforms) = postSolution
		{762C53F8-A460-44A2-BD07-B36F81D6FDF8}.Debug|Any CPU.ActiveCfg = Debug|Any CPU
		{762C53F8-A460-44A2-BD07-B36F81D6FDF8}.Debug|Any CPU.Build.0 = Debug|Any CPU
		{762C53F8-A460-44A2-BD07-B36F81D6FDF8}.Release|Any CPU.ActiveCfg = Release|Any CPU
		{762C53F8-A460-44A2-BD07-B36F81D6FDF8}.Release|Any CPU.Build.0 = Release|Any CPU
	EndGlobalSection
	GlobalSection(SolutionProperties) = preSolution
		HideSolutionNode = FALSE
	EndGlobalSection
	GlobalSection(ExtensibilityGlobals) = postSolution
		SolutionGuid = {CD969CD2-23D9-4D3C-9C8E-F9DAC9A4970A}
	EndGlobalSection
EndGlobal
