
Microsoft Visual Studio Solution File, Format Version 12.00
# Visual Studio 15
VisualStudioVersion = 15.0.28307.168
MinimumVisualStudioVersion = 10.0.40219.1
Project("{FAE04EC0-301F-11D3-BF4B-00C04F79EFBC}") = "Array_2D_DS", "Array_2D_DS\Array_2D_DS.csproj", "{911E82A2-3613-4D7B-87A8-D37FA1858D8B}"
EndProject
Global
	GlobalSection(SolutionConfigurationPlatforms) = preSolution
		Debug|Any CPU = Debug|Any CPU
		Release|Any CPU = Release|Any CPU
	EndGlobalSection
	GlobalSection(ProjectConfigurationPlatforms) = postSolution
		{911E82A2-3613-4D7B-87A8-D37FA1858D8B}.Debug|Any CPU.ActiveCfg = Debug|Any CPU
		{911E82A2-3613-4D7B-87A8-D37FA1858D8B}.Debug|Any CPU.Build.0 = Debug|Any CPU
		{911E82A2-3613-4D7B-87A8-D37FA1858D8B}.Release|Any CPU.ActiveCfg = Release|Any CPU
		{911E82A2-3613-4D7B-87A8-D37FA1858D8B}.Release|Any CPU.Build.0 = Release|Any CPU
	EndGlobalSection
	GlobalSection(SolutionProperties) = preSolution
		HideSolutionNode = FALSE
	EndGlobalSection
	GlobalSection(ExtensibilityGlobals) = postSolution
		SolutionGuid = {EE71ED40-A4FB-4094-99DE-BC376B83488F}
	EndGlobalSection
EndGlobal
